
Microsoft Visual Studio Solution File, Format Version 12.00
# Visual Studio Version 17
VisualStudioVersion = 17.4.33122.133
MinimumVisualStudioVersion = 10.0.40219.1
Project("{FAE04EC0-301F-11D3-BF4B-00C04F79EFBC}") = "ClassLibrary1", "ClassLibrary1\ClassLibrary1.csproj", "{3D8CF224-C56C-40D1-B74D-C6F2FD3B5F80}"
EndProject
Project("{FAE04EC0-301F-11D3-BF4B-00C04F79EFBC}") = "Hotel", "Hotel\Hotel.csproj", "{EC343924-3249-4383-827F-72B955A84E3E}"
EndProject
Global
	GlobalSection(SolutionConfigurationPlatforms) = preSolution
		Debug|Any CPU = Debug|Any CPU
		Release|Any CPU = Release|Any CPU
	EndGlobalSection
	GlobalSection(ProjectConfigurationPlatforms) = postSolution
		{3D8CF224-C56C-40D1-B74D-C6F2FD3B5F80}.Debug|Any CPU.ActiveCfg = Debug|Any CPU
		{3D8CF224-C56C-40D1-B74D-C6F2FD3B5F80}.Debug|Any CPU.Build.0 = Debug|Any CPU
		{3D8CF224-C56C-40D1-B74D-C6F2FD3B5F80}.Release|Any CPU.ActiveCfg = Release|Any CPU
		{3D8CF224-C56C-40D1-B74D-C6F2FD3B5F80}.Release|Any CPU.Build.0 = Release|Any CPU
		{EC343924-3249-4383-827F-72B955A84E3E}.Debug|Any CPU.ActiveCfg = Debug|Any CPU
		{EC343924-3249-4383-827F-72B955A84E3E}.Debug|Any CPU.Build.0 = Debug|Any CPU
		{EC343924-3249-4383-827F-72B955A84E3E}.Release|Any CPU.ActiveCfg = Release|Any CPU
		{EC343924-3249-4383-827F-72B955A84E3E}.Release|Any CPU.Build.0 = Release|Any CPU
	EndGlobalSection
	GlobalSection(SolutionProperties) = preSolution
		HideSolutionNode = FALSE
	EndGlobalSection
	GlobalSection(ExtensibilityGlobals) = postSolution
		SolutionGuid = {C2E139EB-F1A5-409D-92F3-9A7791D8F267}
	EndGlobalSection
EndGlobal
